
Microsoft Visual Studio Solution File, Format Version 12.00
# Visual Studio Version 17
VisualStudioVersion = 17.2.32616.157
MinimumVisualStudioVersion = 10.0.40219.1
Project("{FAE04EC0-301F-11D3-BF4B-00C04F79EFBC}") = "DJT.ComponentModel", "DJT.ComponentModel\DJT.ComponentModel.csproj", "{5DED1D73-23D9-4E6C-83DB-09EF4FFB901A}"
EndProject
Global
	GlobalSection(SolutionConfigurationPlatforms) = preSolution
		Debug|Any CPU = Debug|Any CPU
		Release|Any CPU = Release|Any CPU
	EndGlobalSection
	GlobalSection(ProjectConfigurationPlatforms) = postSolution
		{5DED1D73-23D9-4E6C-83DB-09EF4FFB901A}.Debug|Any CPU.ActiveCfg = Debug|Any CPU
		{5DED1D73-23D9-4E6C-83DB-09EF4FFB901A}.Debug|Any CPU.Build.0 = Debug|Any CPU
		{5DED1D73-23D9-4E6C-83DB-09EF4FFB901A}.Release|Any CPU.ActiveCfg = Release|Any CPU
		{5DED1D73-23D9-4E6C-83DB-09EF4FFB901A}.Release|Any CPU.Build.0 = Release|Any CPU
	EndGlobalSection
	GlobalSection(SolutionProperties) = preSolution
		HideSolutionNode = FALSE
	EndGlobalSection
	GlobalSection(ExtensibilityGlobals) = postSolution
		SolutionGuid = {BFEBDD79-65AB-496B-A682-9EEEBF6F26D4}
	EndGlobalSection
EndGlobal
